
Microsoft Visual Studio Solution File, Format Version 12.00
# Visual Studio Version 16
VisualStudioVersion = 16.0.29306.81
MinimumVisualStudioVersion = 10.0.40219.1
Project("{FAE04EC0-301F-11D3-BF4B-00C04F79EFBC}") = "Hooks_01", "Hooks_01\Hooks_01.csproj", "{85A7CC25-8615-46D8-91E4-FB1F40C418F0}"
EndProject
Global
	GlobalSection(SolutionConfigurationPlatforms) = preSolution
		Debug|Any CPU = Debug|Any CPU
		Release|Any CPU = Release|Any CPU
	EndGlobalSection
	GlobalSection(ProjectConfigurationPlatforms) = postSolution
		{85A7CC25-8615-46D8-91E4-FB1F40C418F0}.Debug|Any CPU.ActiveCfg = Debug|Any CPU
		{85A7CC25-8615-46D8-91E4-FB1F40C418F0}.Debug|Any CPU.Build.0 = Debug|Any CPU
		{85A7CC25-8615-46D8-91E4-FB1F40C418F0}.Release|Any CPU.ActiveCfg = Release|Any CPU
		{85A7CC25-8615-46D8-91E4-FB1F40C418F0}.Release|Any CPU.Build.0 = Release|Any CPU
	EndGlobalSection
	GlobalSection(SolutionProperties) = preSolution
		HideSolutionNode = FALSE
	EndGlobalSection
	GlobalSection(ExtensibilityGlobals) = postSolution
		SolutionGuid = {74B7A77C-E4B4-4B22-9B70-4BF4F042E52E}
	EndGlobalSection
EndGlobal
